
Microsoft Visual Studio Solution File, Format Version 12.00
# Visual Studio Version 17
VisualStudioVersion = 17.14.36603.0 d17.14
MinimumVisualStudioVersion = 10.0.40219.1
Project("{FAE04EC0-301F-11D3-BF4B-00C04F79EFBC}") = "rms", "rms\rms.csproj", "{53C4AF83-714D-4409-AAED-260BC8675BDE}"
EndProject
Global
	GlobalSection(SolutionConfigurationPlatforms) = preSolution
		Debug|Any CPU = Debug|Any CPU
		Release|Any CPU = Release|Any CPU
	EndGlobalSection
	GlobalSection(ProjectConfigurationPlatforms) = postSolution
		{53C4AF83-714D-4409-AAED-260BC8675BDE}.Debug|Any CPU.ActiveCfg = Debug|Any CPU
		{53C4AF83-714D-4409-AAED-260BC8675BDE}.Debug|Any CPU.Build.0 = Debug|Any CPU
		{53C4AF83-714D-4409-AAED-260BC8675BDE}.Release|Any CPU.ActiveCfg = Release|Any CPU
		{53C4AF83-714D-4409-AAED-260BC8675BDE}.Release|Any CPU.Build.0 = Release|Any CPU
	EndGlobalSection
	GlobalSection(SolutionProperties) = preSolution
		HideSolutionNode = FALSE
	EndGlobalSection
	GlobalSection(ExtensibilityGlobals) = postSolution
		SolutionGuid = {23721D18-8303-44DA-89CA-B64F8AEEE0AC}
	EndGlobalSection
EndGlobal
